
Microsoft Visual Studio Solution File, Format Version 12.00
# Visual Studio 15
VisualStudioVersion = 15.0.28307.572
MinimumVisualStudioVersion = 10.0.40219.1
Project("{FAE04EC0-301F-11D3-BF4B-00C04F79EFBC}") = "Grand-Circus-Library", "Grand-Circus-Library\Grand-Circus-Library.csproj", "{F2189EB1-CB58-4579-BF5C-E59A96749909}"
EndProject
Global
	GlobalSection(SolutionConfigurationPlatforms) = preSolution
		Debug|Any CPU = Debug|Any CPU
		Release|Any CPU = Release|Any CPU
	EndGlobalSection
	GlobalSection(ProjectConfigurationPlatforms) = postSolution
		{F2189EB1-CB58-4579-BF5C-E59A96749909}.Debug|Any CPU.ActiveCfg = Debug|Any CPU
		{F2189EB1-CB58-4579-BF5C-E59A96749909}.Debug|Any CPU.Build.0 = Debug|Any CPU
		{F2189EB1-CB58-4579-BF5C-E59A96749909}.Release|Any CPU.ActiveCfg = Release|Any CPU
		{F2189EB1-CB58-4579-BF5C-E59A96749909}.Release|Any CPU.Build.0 = Release|Any CPU
	EndGlobalSection
	GlobalSection(SolutionProperties) = preSolution
		HideSolutionNode = FALSE
	EndGlobalSection
	GlobalSection(ExtensibilityGlobals) = postSolution
		SolutionGuid = {EAF0CE31-C983-48EF-B949-C20CF6599F4B}
	EndGlobalSection
EndGlobal
